{
  "name": "@raspberry-pi-examples/scripts",
  "version": "1.0.0",
  "lockfileVersion": 2,
  "requires": true,
  "packages": {
    "": {
      "name": "@raspberry-pi-examples/scripts",
      "version": "1.0.0",
      "license": "ISC",
      "devDependencies": {
        "lodash.kebabcase": "^4.1.1",
        "lodash.snakecase": "^4.1.1",
        "lodash.startcase": "^4.4.0"
      }
    },
    "node_modules/lodash.kebabcase": {
      "version": "4.1.1",
      "resolved": "https://registry.npmjs.org/lodash.kebabcase/-/lodash.kebabcase-4.1.1.tgz",
      "integrity": "sha512-N8XRTIMMqqDgSy4VLKPnJ/+hpGZN+PHQiJnSenYqPaVV/NCqEogTnAdZLQiGKhxX+JCs8waWq2t1XHWKOmlY8g==",
      "dev": true
    },
    "node_modules/lodash.snakecase": {
      "version": "4.1.1",
      "resolved": "https://registry.npmjs.org/lodash.snakecase/-/lodash.snakecase-4.1.1.tgz",
      "integrity": "sha512-QZ1d4xoBHYUeuouhEq3lk3Uq7ldgyFXGBhg04+oRLnIz8o9T65Eh+8YdroUwn846zchkA9yDsDl5CVVaV2nqYw==",
      "dev": true
    },
    "node_modules/lodash.startcase": {
      "version": "4.4.0",
      "resolved": "https://registry.npmjs.org/lodash.startcase/-/lodash.startcase-4.4.0.tgz",
      "integrity": "sha512-+WKqsK294HMSc2jEbNgpHpd0JfIBhp7rEV4aqXWqFr6AlXov+SlcgB1Fv01y2kGe3Gc8nMW7VA0SrGuSkRfIEg==",
      "dev": true
    }
  },
  "dependencies": {
    "lodash.kebabcase": {
      "version": "4.1.1",
      "resolved": "https://registry.npmjs.org/lodash.kebabcase/-/lodash.kebabcase-4.1.1.tgz",
      "integrity": "sha512-N8XRTIMMqqDgSy4VLKPnJ/+hpGZN+PHQiJnSenYqPaVV/NCqEogTnAdZLQiGKhxX+JCs8waWq2t1XHWKOmlY8g==",
      "dev": true
    },
    "lodash.snakecase": {
      "version": "4.1.1",
      "resolved": "https://registry.npmjs.org/lodash.snakecase/-/lodash.snakecase-4.1.1.tgz",
      "integrity": "sha512-QZ1d4xoBHYUeuouhEq3lk3Uq7ldgyFXGBhg04+oRLnIz8o9T65Eh+8YdroUwn846zchkA9yDsDl5CVVaV2nqYw==",
      "dev": true
    },
    "lodash.startcase": {
      "version": "4.4.0",
      "resolved": "https://registry.npmjs.org/lodash.startcase/-/lodash.startcase-4.4.0.tgz",
      "integrity": "sha512-+WKqsK294HMSc2jEbNgpHpd0JfIBhp7rEV4aqXWqFr6AlXov+SlcgB1Fv01y2kGe3Gc8nMW7VA0SrGuSkRfIEg==",
      "dev": true
    }
  }
}
